
Microsoft Visual Studio Solution File, Format Version 12.00
Project("{FAE04EC0-301F-11D3-BF4B-00C04F79EFBC}") = "OpenWorkShop", "src\OpenWorkShop\OpenWorkShop.csproj", "{C9C6DD4F-D6D8-42D1-AE31-7FB357B6E781}"
EndProject
Project("{FAE04EC0-301F-11D3-BF4B-00C04F79EFBC}") = "Makerverse", "src\Makerverse\Makerverse.csproj", "{3E704343-2001-43F9-BAFB-94FD92743449}"
EndProject
Project("{2150E333-8FDC-42A3-9474-1A3956D46DE8}") = "Makerverse", "src\Makerverse", "{A752CDE4-77A5-4422-B85C-B1CB770F185E}"
EndProject
Project("{2150E333-8FDC-42A3-9474-1A3956D46DE8}") = "OWE", "OWE", "{D0646445-BA6A-467D-8BCF-99C61AEC789D}"
EndProject
Project("{2150E333-8FDC-42A3-9474-1A3956D46DE8}") = "OWS", "OWS", "{44AC8D61-7908-4E50-86F0-E4C1DF532918}"
EndProject
Project("{FAE04EC0-301F-11D3-BF4B-00C04F79EFBC}") = "OpenController", "OpenController\OpenController.csproj", "{DC5D0419-3DC6-487F-93E2-10B6806B2755}"
EndProject
Project("{FAE04EC0-301F-11D3-BF4B-00C04F79EFBC}") = "OpenControllerTests", "OpenControllerTests\OpenControllerTests.csproj", "{B651A39E-2386-4511-AEB1-C6F306F01730}"
EndProject
Global
	GlobalSection(SolutionConfigurationPlatforms) = preSolution
		Debug|Any CPU = Debug|Any CPU
		Release|Any CPU = Release|Any CPU
	EndGlobalSection
	GlobalSection(ProjectConfigurationPlatforms) = postSolution
		{C9C6DD4F-D6D8-42D1-AE31-7FB357B6E781}.Debug|Any CPU.ActiveCfg = Debug|Any CPU
		{C9C6DD4F-D6D8-42D1-AE31-7FB357B6E781}.Debug|Any CPU.Build.0 = Debug|Any CPU
		{C9C6DD4F-D6D8-42D1-AE31-7FB357B6E781}.Release|Any CPU.ActiveCfg = Release|Any CPU
		{C9C6DD4F-D6D8-42D1-AE31-7FB357B6E781}.Release|Any CPU.Build.0 = Release|Any CPU
		{3E704343-2001-43F9-BAFB-94FD92743449}.Debug|Any CPU.ActiveCfg = Debug|Any CPU
		{3E704343-2001-43F9-BAFB-94FD92743449}.Debug|Any CPU.Build.0 = Debug|Any CPU
		{3E704343-2001-43F9-BAFB-94FD92743449}.Release|Any CPU.ActiveCfg = Release|Any CPU
		{3E704343-2001-43F9-BAFB-94FD92743449}.Release|Any CPU.Build.0 = Release|Any CPU
		{DC5D0419-3DC6-487F-93E2-10B6806B2755}.Debug|Any CPU.ActiveCfg = Debug|Any CPU
		{DC5D0419-3DC6-487F-93E2-10B6806B2755}.Debug|Any CPU.Build.0 = Debug|Any CPU
		{DC5D0419-3DC6-487F-93E2-10B6806B2755}.Release|Any CPU.ActiveCfg = Release|Any CPU
		{DC5D0419-3DC6-487F-93E2-10B6806B2755}.Release|Any CPU.Build.0 = Release|Any CPU
		{B651A39E-2386-4511-AEB1-C6F306F01730}.Debug|Any CPU.ActiveCfg = Debug|Any CPU
		{B651A39E-2386-4511-AEB1-C6F306F01730}.Debug|Any CPU.Build.0 = Debug|Any CPU
		{B651A39E-2386-4511-AEB1-C6F306F01730}.Release|Any CPU.ActiveCfg = Release|Any CPU
		{B651A39E-2386-4511-AEB1-C6F306F01730}.Release|Any CPU.Build.0 = Release|Any CPU
	EndGlobalSection
	GlobalSection(NestedProjects) = preSolution
		{3E704343-2001-43F9-BAFB-94FD92743449} = {A752CDE4-77A5-4422-B85C-B1CB770F185E}
		{C9C6DD4F-D6D8-42D1-AE31-7FB357B6E781} = {44AC8D61-7908-4E50-86F0-E4C1DF532918}
		{DC5D0419-3DC6-487F-93E2-10B6806B2755} = {D0646445-BA6A-467D-8BCF-99C61AEC789D}
		{B651A39E-2386-4511-AEB1-C6F306F01730} = {D0646445-BA6A-467D-8BCF-99C61AEC789D}
	EndGlobalSection
EndGlobal
